// !$*UTF8*$!
{
	archiveVersion = 1;
	classes = {
	};
	objectVersion = 46;
	objects = {

/* Begin PBXBuildFile section */
		383B6B8E1C1A6CA5002B7620 /* main.m in Sources */ = {isa = PBXBuildFile; fileRef = 383B6B8D1C1A6CA5002B7620 /* main.m */; };
		383B6B911C1A6CA5002B7620 /* AppDelegate.m in Sources */ = {isa = PBXBuildFile; fileRef = 383B6B901C1A6CA5002B7620 /* AppDelegate.m */; };
		383B6B941C1A6CA5002B7620 /* ViewController.m in Sources */ = {isa = PBXBuildFile; fileRef = 383B6B931C1A6CA5002B7620 /* ViewController.m */; };
		383B6B991C1A6CA5002B7620 /* Assets.xcassets in Resources */ = {isa = PBXBuildFile; fileRef = 383B6B981C1A6CA5002B7620 /* Assets.xcassets */; };
		383B6B9C1C1A6CA5002B7620 /* LaunchScreen.storyboard in Resources */ = {isa = PBXBuildFile; fileRef = 383B6B9A1C1A6CA5002B7620 /* LaunchScreen.storyboard */; };
		383B6BA71C1A6CA5002B7620 /* Sterna_AirlinesTests.m in Sources */ = {isa = PBXBuildFile; fileRef = 383B6BA61C1A6CA5002B7620 /* Sterna_AirlinesTests.m */; };
		383B6BB21C1A6CA5002B7620 /* Sterna_AirlinesUITests.m in Sources */ = {isa = PBXBuildFile; fileRef = 383B6BB11C1A6CA5002B7620 /* Sterna_AirlinesUITests.m */; };
		383B6BC31C1A6CB9002B7620 /* Sterna Airlines Flyer .pdf in Resources */ = {isa = PBXBuildFile; fileRef = 383B6BC01C1A6CB9002B7620 /* Sterna Airlines Flyer .pdf */; };
		383B6BC41C1A6CB9002B7620 /* Sterna Airlines.pages in Resources */ = {isa = PBXBuildFile; fileRef = 383B6BC11C1A6CB9002B7620 /* Sterna Airlines.pages */; };
		383B6BC51C1A6CB9002B7620 /* Sterna.jpg in Resources */ = {isa = PBXBuildFile; fileRef = 383B6BC21C1A6CB9002B7620 /* Sterna.jpg */; };
		383B6BDD1C1A790F002B7620 /* ViewController1.m in Sources */ = {isa = PBXBuildFile; fileRef = 383B6BDC1C1A790F002B7620 /* ViewController1.m */; };
		383B6BDF1C1A7F78002B7620 /* Main.storyboard in Resources */ = {isa = PBXBuildFile; fileRef = 383B6BDE1C1A7F78002B7620 /* Main.storyboard */; };
		383B6BE51C1A8C32002B7620 /* ViewController3.m in Sources */ = {isa = PBXBuildFile; fileRef = 383B6BE41C1A8C32002B7620 /* ViewController3.m */; };
		388308551C23AE7000EA7563 /* ViewController6.m in Sources */ = {isa = PBXBuildFile; fileRef = 388308541C23AE7000EA7563 /* ViewController6.m */; };
		388308581C23AEA500EA7563 /* ViewController4.m in Sources */ = {isa = PBXBuildFile; fileRef = 388308571C23AEA500EA7563 /* ViewController4.m */; };
		38F18BE41C1A8F7A00642439 /* ViewController5.m in Sources */ = {isa = PBXBuildFile; fileRef = 38F18BE31C1A8F7A00642439 /* ViewController5.m */; };
/* End PBXBuildFile section */

/* Begin PBXContainerItemProxy section */
		383B6BA31C1A6CA5002B7620 /* PBXContainerItemProxy */ = {
			isa = PBXContainerItemProxy;
			containerPortal = 383B6B811C1A6CA5002B7620 /* Project object */;
			proxyType = 1;
			remoteGlobalIDString = 383B6B881C1A6CA5002B7620;
			remoteInfo = "Sterna Airlines";
		};
		383B6BAE1C1A6CA5002B7620 /* PBXContainerItemProxy */ = {
			isa = PBXContainerItemProxy;
			containerPortal = 383B6B811C1A6CA5002B7620 /* Project object */;
			proxyType = 1;
			remoteGlobalIDString = 383B6B881C1A6CA5002B7620;
			remoteInfo = "Sterna Airlines";
		};
/* End PBXContainerItemProxy section */

/* Begin PBXFileReference section */
		383B6B891C1A6CA5002B7620 /* Sterna Airlines.app */ = {isa = PBXFileReference; explicitFileType = wrapper.application; includeInIndex = 0; path = "Sterna Airlines.app"; sourceTree = BUILT_PRODUCTS_DIR; };
		383B6B8D1C1A6CA5002B7620 /* main.m */ = {isa = PBXFileReference; lastKnownFileType = sourcecode.c.objc; path = main.m; sourceTree = "<group>"; };
		383B6B8F1C1A6CA5002B7620 /* AppDelegate.h */ = {isa = PBXFileReference; lastKnownFileType = sourcecode.c.h; path = AppDelegate.h; sourceTree = "<group>"; };
		383B6B901C1A6CA5002B7620 /* AppDelegate.m */ = {isa = PBXFileReference; lastKnownFileType = sourcecode.c.objc; path = AppDelegate.m; sourceTree = "<group>"; };
		383B6B921C1A6CA5002B7620 /* ViewController.h */ = {isa = PBXFileReference; lastKnownFileType = sourcecode.c.h; path = ViewController.h; sourceTree = "<group>"; };
		383B6B931C1A6CA5002B7620 /* ViewController.m */ = {isa = PBXFileReference; lastKnownFileType = sourcecode.c.objc; path = ViewController.m; sourceTree = "<group>"; };
		383B6B981C1A6CA5002B7620 /* Assets.xcassets */ = {isa = PBXFileReference; lastKnownFileType = folder.assetcatalog; path = Assets.xcassets; sourceTree = "<group>"; };
		383B6B9B1C1A6CA5002B7620 /* Base */ = {isa = PBXFileReference; lastKnownFileType = file.storyboard; name = Base; path = Base.lproj/LaunchScreen.storyboard; sourceTree = "<group>"; };
		383B6B9D1C1A6CA5002B7620 /* Info.plist */ = {isa = PBXFileReference; lastKnownFileType = text.plist.xml; path = Info.plist; sourceTree = "<group>"; };
		383B6BA21C1A6CA5002B7620 /* Sterna AirlinesTests.xctest */ = {isa = PBXFileReference; explicitFileType = wrapper.cfbundle; includeInIndex = 0; path = "Sterna AirlinesTests.xctest"; sourceTree = BUILT_PRODUCTS_DIR; };
		383B6BA61C1A6CA5002B7620 /* Sterna_AirlinesTests.m */ = {isa = PBXFileReference; lastKnownFileType = sourcecode.c.objc; path = Sterna_AirlinesTests.m; sourceTree = "<group>"; };
		383B6BA81C1A6CA5002B7620 /* Info.plist */ = {isa = PBXFileReference; lastKnownFileType = text.plist.xml; path = Info.plist; sourceTree = "<group>"; };
		383B6BAD1C1A6CA5002B7620 /* Sterna AirlinesUITests.xctest */ = {isa = PBXFileReference; explicitFileType = wrapper.cfbundle; includeInIndex = 0; path = "Sterna AirlinesUITests.xctest"; sourceTree = BUILT_PRODUCTS_DIR; };
		383B6BB11C1A6CA5002B7620 /* Sterna_AirlinesUITests.m */ = {isa = PBXFileReference; lastKnownFileType = sourcecode.c.objc; path = Sterna_AirlinesUITests.m; sourceTree = "<group>"; };
		383B6BB31C1A6CA5002B7620 /* Info.plist */ = {isa = PBXFileReference; lastKnownFileType = text.plist.xml; path = Info.plist; sourceTree = "<group>"; };
		383B6BC01C1A6CB9002B7620 /* Sterna Airlines Flyer .pdf */ = {isa = PBXFileReference; lastKnownFileType = image.pdf; path = "Sterna Airlines Flyer .pdf"; sourceTree = "<group>"; };
		383B6BC11C1A6CB9002B7620 /* Sterna Airlines.pages */ = {isa = PBXFileReference; lastKnownFileType = file; path = "Sterna Airlines.pages"; sourceTree = "<group>"; };
		383B6BC21C1A6CB9002B7620 /* Sterna.jpg */ = {isa = PBXFileReference; lastKnownFileType = image.jpeg; path = Sterna.jpg; sourceTree = "<group>"; };
		383B6BDB1C1A790F002B7620 /* ViewController1.h */ = {isa = PBXFileReference; fileEncoding = 4; lastKnownFileType = sourcecode.c.h; path = ViewController1.h; sourceTree = "<group>"; };
		383B6BDC1C1A790F002B7620 /* ViewController1.m */ = {isa = PBXFileReference; fileEncoding = 4; lastKnownFileType = sourcecode.c.objc; path = ViewController1.m; sourceTree = "<group>"; };
		383B6BDE1C1A7F78002B7620 /* Main.storyboard */ = {isa = PBXFileReference; fileEncoding = 4; lastKnownFileType = file.storyboard; path = Main.storyboard; sourceTree = "<group>"; };
		383B6BE31C1A8C32002B7620 /* ViewController3.h */ = {isa = PBXFileReference; fileEncoding = 4; lastKnownFileType = sourcecode.c.h; path = ViewController3.h; sourceTree = "<group>"; };
		383B6BE41C1A8C32002B7620 /* ViewController3.m */ = {isa = PBXFileReference; fileEncoding = 4; lastKnownFileType = sourcecode.c.objc; path = ViewController3.m; sourceTree = "<group>"; };
		388308531C23AE7000EA7563 /* ViewController6.h */ = {isa = PBXFileReference; fileEncoding = 4; lastKnownFileType = sourcecode.c.h; path = ViewController6.h; sourceTree = "<group>"; };
		388308541C23AE7000EA7563 /* ViewController6.m */ = {isa = PBXFileReference; fileEncoding = 4; lastKnownFileType = sourcecode.c.objc; path = ViewController6.m; sourceTree = "<group>"; };
		388308561C23AEA500EA7563 /* ViewController4.h */ = {isa = PBXFileReference; fileEncoding = 4; lastKnownFileType = sourcecode.c.h; path = ViewController4.h; sourceTree = "<group>"; };
		388308571C23AEA500EA7563 /* ViewController4.m */ = {isa = PBXFileReference; fileEncoding = 4; lastKnownFileType = sourcecode.c.objc; path = ViewController4.m; sourceTree = "<group>"; };
		38F18BE21C1A8F7A00642439 /* ViewController5.h */ = {isa = PBXFileReference; fileEncoding = 4; lastKnownFileType = sourcecode.c.h; path = ViewController5.h; sourceTree = "<group>"; };
		38F18BE31C1A8F7A00642439 /* ViewController5.m */ = {isa = PBXFileReference; fileEncoding = 4; lastKnownFileType = sourcecode.c.objc; path = ViewController5.m; sourceTree = "<group>"; };
/* End PBXFileReference section */

/* Begin PBXFrameworksBuildPhase section */
		383B6B861C1A6CA5002B7620 /* Frameworks */ = {
			isa = PBXFrameworksBuildPhase;
			buildActionMask = 2147483647;
			files = (
			);
			runOnlyForDeploymentPostprocessing = 0;
		};
		383B6B9F1C1A6CA5002B7620 /* Frameworks */ = {
			isa = PBXFrameworksBuildPhase;
			buildActionMask = 2147483647;
			files = (
			);
			runOnlyForDeploymentPostprocessing = 0;
		};
		383B6BAA1C1A6CA5002B7620 /* Frameworks */ = {
			isa = PBXFrameworksBuildPhase;
			buildActionMask = 2147483647;
			files = (
			);
			runOnlyForDeploymentPostprocessing = 0;
		};
/* End PBXFrameworksBuildPhase section */

/* Begin PBXGroup section */
		383B6B801C1A6CA5002B7620 = {
			isa = PBXGroup;
			children = (
				383B6B8B1C1A6CA5002B7620 /* Sterna Airlines */,
				383B6BA51C1A6CA5002B7620 /* Sterna AirlinesTests */,
				383B6BB01C1A6CA5002B7620 /* Sterna AirlinesUITests */,
				383B6B8A1C1A6CA5002B7620 /* Products */,
			);
			sourceTree = "<group>";
		};
		383B6B8A1C1A6CA5002B7620 /* Products */ = {
			isa = PBXGroup;
			children = (
				383B6B891C1A6CA5002B7620 /* Sterna Airlines.app */,
				383B6BA21C1A6CA5002B7620 /* Sterna AirlinesTests.xctest */,
				383B6BAD1C1A6CA5002B7620 /* Sterna AirlinesUITests.xctest */,
			);
			name = Products;
			sourceTree = "<group>";
		};
		383B6B8B1C1A6CA5002B7620 /* Sterna Airlines */ = {
			isa = PBXGroup;
			children = (
				388308591C23AEF300EA7563 /* ViewControllers */,
				383B6B981C1A6CA5002B7620 /* Assets.xcassets */,
				383B6B9A1C1A6CA5002B7620 /* LaunchScreen.storyboard */,
				383B6B9D1C1A6CA5002B7620 /* Info.plist */,
				383B6B8C1C1A6CA5002B7620 /* Supporting Files */,
			);
			path = "Sterna Airlines";
			sourceTree = "<group>";
		};
		383B6B8C1C1A6CA5002B7620 /* Supporting Files */ = {
			isa = PBXGroup;
			children = (
				383B6BBF1C1A6CB9002B7620 /* Sterna Airlines stuff */,
				383B6B8D1C1A6CA5002B7620 /* main.m */,
			);
			name = "Supporting Files";
			sourceTree = "<group>";
		};
		383B6BA51C1A6CA5002B7620 /* Sterna AirlinesTests */ = {
			isa = PBXGroup;
			children = (
				383B6BA61C1A6CA5002B7620 /* Sterna_AirlinesTests.m */,
				383B6BA81C1A6CA5002B7620 /* Info.plist */,
			);
			path = "Sterna AirlinesTests";
			sourceTree = "<group>";
		};
		383B6BB01C1A6CA5002B7620 /* Sterna AirlinesUITests */ = {
			isa = PBXGroup;
			children = (
				383B6BB11C1A6CA5002B7620 /* Sterna_AirlinesUITests.m */,
				383B6BB31C1A6CA5002B7620 /* Info.plist */,
			);
			path = "Sterna AirlinesUITests";
			sourceTree = "<group>";
		};
		383B6BBF1C1A6CB9002B7620 /* Sterna Airlines stuff */ = {
			isa = PBXGroup;
			children = (
				383B6BC01C1A6CB9002B7620 /* Sterna Airlines Flyer .pdf */,
				383B6BC11C1A6CB9002B7620 /* Sterna Airlines.pages */,
				383B6BC21C1A6CB9002B7620 /* Sterna.jpg */,
			);
			path = "Sterna Airlines stuff";
			sourceTree = "<group>";
		};
		388308591C23AEF300EA7563 /* ViewControllers */ = {
			isa = PBXGroup;
			children = (
				383B6B8F1C1A6CA5002B7620 /* AppDelegate.h */,
				383B6B901C1A6CA5002B7620 /* AppDelegate.m */,
				383B6B921C1A6CA5002B7620 /* ViewController.h */,
				383B6BDB1C1A790F002B7620 /* ViewController1.h */,
				38F18BE21C1A8F7A00642439 /* ViewController5.h */,
				388308531C23AE7000EA7563 /* ViewController6.h */,
				388308541C23AE7000EA7563 /* ViewController6.m */,
				38F18BE31C1A8F7A00642439 /* ViewController5.m */,
				388308561C23AEA500EA7563 /* ViewController4.h */,
				388308571C23AEA500EA7563 /* ViewController4.m */,
				383B6BE31C1A8C32002B7620 /* ViewController3.h */,
				383B6BE41C1A8C32002B7620 /* ViewController3.m */,
				383B6BDC1C1A790F002B7620 /* ViewController1.m */,
				383B6B931C1A6CA5002B7620 /* ViewController.m */,
				383B6BDE1C1A7F78002B7620 /* Main.storyboard */,
			);
			name = ViewControllers;
			sourceTree = "<group>";
		};
/* End PBXGroup section */

/* Begin PBXNativeTarget section */
		383B6B881C1A6CA5002B7620 /* Sterna Airlines */ = {
			isa = PBXNativeTarget;
			buildConfigurationList = 383B6BB61C1A6CA5002B7620 /* Build configuration list for PBXNativeTarget "Sterna Airlines" */;
			buildPhases = (
				383B6B851C1A6CA5002B7620 /* Sources */,
				383B6B861C1A6CA5002B7620 /* Frameworks */,
				383B6B871C1A6CA5002B7620 /* Resources */,
			);
			buildRules = (
			);
			dependencies = (
			);
			name = "Sterna Airlines";
			productName = "Sterna Airlines";
			productReference = 383B6B891C1A6CA5002B7620 /* Sterna Airlines.app */;
			productType = "com.apple.product-type.application";
		};
		383B6BA11C1A6CA5002B7620 /* Sterna AirlinesTests */ = {
			isa = PBXNativeTarget;
			buildConfigurationList = 383B6BB91C1A6CA5002B7620 /* Build configuration list for PBXNativeTarget "Sterna AirlinesTests" */;
			buildPhases = (
				383B6B9E1C1A6CA5002B7620 /* Sources */,
				383B6B9F1C1A6CA5002B7620 /* Frameworks */,
				383B6BA01C1A6CA5002B7620 /* Resources */,
			);
			buildRules = (
			);
			dependencies = (
				383B6BA41C1A6CA5002B7620 /* PBXTargetDependency */,
			);
			name = "Sterna AirlinesTests";
			productName = "Sterna AirlinesTests";
			productReference = 383B6BA21C1A6CA5002B7620 /* Sterna AirlinesTests.xctest */;
			productType = "com.apple.product-type.bundle.unit-test";
		};
		383B6BAC1C1A6CA5002B7620 /* Sterna AirlinesUITests */ = {
			isa = PBXNativeTarget;
			buildConfigurationList = 383B6BBC1C1A6CA5002B7620 /* Build configuration list for PBXNativeTarget "Sterna AirlinesUITests" */;
			buildPhases = (
				383B6BA91C1A6CA5002B7620 /* Sources */,
				383B6BAA1C1A6CA5002B7620 /* Frameworks */,
				383B6BAB1C1A6CA5002B7620 /* Resources */,
			);
			buildRules = (
			);
			dependencies = (
				383B6BAF1C1A6CA5002B7620 /* PBXTargetDependency */,
			);
			name = "Sterna AirlinesUITests";
			productName = "Sterna AirlinesUITests";
			productReference = 383B6BAD1C1A6CA5002B7620 /* Sterna AirlinesUITests.xctest */;
			productType = "com.apple.product-type.bundle.ui-testing";
		};
/* End PBXNativeTarget section */

/* Begin PBXProject section */
		383B6B811C1A6CA5002B7620 /* Project object */ = {
			isa = PBXProject;
			attributes = {
				LastUpgradeCheck = 0720;
				ORGANIZATIONNAME = "Sid Suresh";
				TargetAttributes = {
					383B6B881C1A6CA5002B7620 = {
						CreatedOnToolsVersion = 7.2;
						DevelopmentTeam = Z79GNSAC65;
					};
					383B6BA11C1A6CA5002B7620 = {
						CreatedOnToolsVersion = 7.2;
						TestTargetID = 383B6B881C1A6CA5002B7620;
					};
					383B6BAC1C1A6CA5002B7620 = {
						CreatedOnToolsVersion = 7.2;
						TestTargetID = 383B6B881C1A6CA5002B7620;
					};
				};
			};
			buildConfigurationList = 383B6B841C1A6CA5002B7620 /* Build configuration list for PBXProject "Sterna Airlines" */;
			compatibilityVersion = "Xcode 3.2";
			developmentRegion = English;
			hasScannedForEncodings = 0;
			knownRegions = (
				en,
				Base,
			);
			mainGroup = 383B6B801C1A6CA5002B7620;
			productRefGroup = 383B6B8A1C1A6CA5002B7620 /* Products */;
			projectDirPath = "";
			projectRoot = "";
			targets = (
				383B6B881C1A6CA5002B7620 /* Sterna Airlines */,
				383B6BA11C1A6CA5002B7620 /* Sterna AirlinesTests */,
				383B6BAC1C1A6CA5002B7620 /* Sterna AirlinesUITests */,
			);
		};
/* End PBXProject section */

/* Begin PBXResourcesBuildPhase section */
		383B6B871C1A6CA5002B7620 /* Resources */ = {
			isa = PBXResourcesBuildPhase;
			buildActionMask = 2147483647;
			files = (
				383B6BC51C1A6CB9002B7620 /* Sterna.jpg in Resources */,
				383B6BC31C1A6CB9002B7620 /* Sterna Airlines Flyer .pdf in Resources */,
				383B6BC41C1A6CB9002B7620 /* Sterna Airlines.pages in Resources */,
				383B6BDF1C1A7F78002B7620 /* Main.storyboard in Resources */,
				383B6B9C1C1A6CA5002B7620 /* LaunchScreen.storyboard in Resources */,
				383B6B991C1A6CA5002B7620 /* Assets.xcassets in Resources */,
			);
			runOnlyForDeploymentPostprocessing = 0;
		};
		383B6BA01C1A6CA5002B7620 /* Resources */ = {
			isa = PBXResourcesBuildPhase;
			buildActionMask = 2147483647;
			files = (
			);
			runOnlyForDeploymentPostprocessing = 0;
		};
		383B6BAB1C1A6CA5002B7620 /* Resources */ = {
			isa = PBXResourcesBuildPhase;
			buildActionMask = 2147483647;
			files = (
			);
			runOnlyForDeploymentPostprocessing = 0;
		};
/* End PBXResourcesBuildPhase section */

/* Begin PBXSourcesBuildPhase section */
		383B6B851C1A6CA5002B7620 /* Sources */ = {
			isa = PBXSourcesBuildPhase;
			buildActionMask = 2147483647;
			files = (
				38F18BE41C1A8F7A00642439 /* ViewController5.m in Sources */,
				383B6BDD1C1A790F002B7620 /* ViewController1.m in Sources */,
				383B6B941C1A6CA5002B7620 /* ViewController.m in Sources */,
				388308551C23AE7000EA7563 /* ViewController6.m in Sources */,
				383B6BE51C1A8C32002B7620 /* ViewController3.m in Sources */,
				383B6B911C1A6CA5002B7620 /* AppDelegate.m in Sources */,
				383B6B8E1C1A6CA5002B7620 /* main.m in Sources */,
				388308581C23AEA500EA7563 /* ViewController4.m in Sources */,
			);
			runOnlyForDeploymentPostprocessing = 0;
		};
		383B6B9E1C1A6CA5002B7620 /* Sources */ = {
			isa = PBXSourcesBuildPhase;
			buildActionMask = 2147483647;
			files = (
				383B6BA71C1A6CA5002B7620 /* Sterna_AirlinesTests.m in Sources */,
			);
			runOnlyForDeploymentPostprocessing = 0;
		};
		383B6BA91C1A6CA5002B7620 /* Sources */ = {
			isa = PBXSourcesBuildPhase;
			buildActionMask = 2147483647;
			files = (
				383B6BB21C1A6CA5002B7620 /* Sterna_AirlinesUITests.m in Sources */,
			);
			runOnlyForDeploymentPostprocessing = 0;
		};
/* End PBXSourcesBuildPhase section */

/* Begin PBXTargetDependency section */
		383B6BA41C1A6CA5002B7620 /* PBXTargetDependency */ = {
			isa = PBXTargetDependency;
			target = 383B6B881C1A6CA5002B7620 /* Sterna Airlines */;
			targetProxy = 383B6BA31C1A6CA5002B7620 /* PBXContainerItemProxy */;
		};
		383B6BAF1C1A6CA5002B7620 /* PBXTargetDependency */ = {
			isa = PBXTargetDependency;
			target = 383B6B881C1A6CA5002B7620 /* Sterna Airlines */;
			targetProxy = 383B6BAE1C1A6CA5002B7620 /* PBXContainerItemProxy */;
		};
/* End PBXTargetDependency section */

/* Begin PBXVariantGroup section */
		383B6B9A1C1A6CA5002B7620 /* LaunchScreen.storyboard */ = {
			isa = PBXVariantGroup;
			children = (
				383B6B9B1C1A6CA5002B7620 /* Base */,
			);
			name = LaunchScreen.storyboard;
			sourceTree = "<group>";
		};
/* End PBXVariantGroup section */

/* Begin XCBuildConfiguration section */
		383B6BB41C1A6CA5002B7620 /* Debug */ = {
			isa = XCBuildConfiguration;
			buildSettings = {
				ALWAYS_SEARCH_USER_PATHS = NO;
				CLANG_CXX_LANGUAGE_STANDARD = "gnu++0x";
				CLANG_CXX_LIBRARY = "libc++";
				CLANG_ENABLE_MODULES = YES;
				CLANG_ENABLE_OBJC_ARC = YES;
				CLANG_WARN_BOOL_CONVERSION = YES;
				CLANG_WARN_CONSTANT_CONVERSION = YES;
				CLANG_WARN_DIRECT_OBJC_ISA_USAGE = YES_ERROR;
				CLANG_WARN_EMPTY_BODY = YES;
				CLANG_WARN_ENUM_CONVERSION = YES;
				CLANG_WARN_INT_CONVERSION = YES;
				CLANG_WARN_OBJC_ROOT_CLASS = YES_ERROR;
				CLANG_WARN_UNREACHABLE_CODE = YES;
				CLANG_WARN__DUPLICATE_METHOD_MATCH = YES;
				"CODE_SIGN_IDENTITY[sdk=iphoneos*]" = "iPhone Developer";
				COPY_PHASE_STRIP = NO;
				DEBUG_INFORMATION_FORMAT = dwarf;
				ENABLE_STRICT_OBJC_MSGSEND = YES;
				ENABLE_TESTABILITY = YES;
				GCC_C_LANGUAGE_STANDARD = gnu99;
				GCC_DYNAMIC_NO_PIC = NO;
				GCC_NO_COMMON_BLOCKS = YES;
				GCC_OPTIMIZATION_LEVEL = 0;
				GCC_PREPROCESSOR_DEFINITIONS = (
					"DEBUG=1",
					"$(inherited)",
				);
				GCC_WARN_64_TO_32_BIT_CONVERSION = YES;
				GCC_WARN_ABOUT_RETURN_TYPE = YES_ERROR;
				GCC_WARN_UNDECLARED_SELECTOR = YES;
				GCC_WARN_UNINITIALIZED_AUTOS = YES_AGGRESSIVE;
				GCC_WARN_UNUSED_FUNCTION = YES;
				GCC_WARN_UNUSED_VARIABLE = YES;
				IPHONEOS_DEPLOYMENT_TARGET = 9.2;
				MTL_ENABLE_DEBUG_INFO = YES;
				ONLY_ACTIVE_ARCH = YES;
				SDKROOT = iphoneos;
				TARGETED_DEVICE_FAMILY = "1,2";
			};
			name = Debug;
		};
		383B6BB51C1A6CA5002B7620 /* Release */ = {
			isa = XCBuildConfiguration;
			buildSettings = {
				ALWAYS_SEARCH_USER_PATHS = NO;
				CLANG_CXX_LANGUAGE_STANDARD = "gnu++0x";
				CLANG_CXX_LIBRARY = "libc++";
				CLANG_ENABLE_MODULES = YES;
				CLANG_ENABLE_OBJC_ARC = YES;
				CLANG_WARN_BOOL_CONVERSION = YES;
				CLANG_WARN_CONSTANT_CONVERSION = YES;
				CLANG_WARN_DIRECT_OBJC_ISA_USAGE = YES_ERROR;
				CLANG_WARN_EMPTY_BODY = YES;
				CLANG_WARN_ENUM_CONVERSION = YES;
				CLANG_WARN_INT_CONVERSION = YES;
				CLANG_WARN_OBJC_ROOT_CLASS = YES_ERROR;
				CLANG_WARN_UNREACHABLE_CODE = YES;
				CLANG_WARN__DUPLICATE_METHOD_MATCH = YES;
				"CODE_SIGN_IDENTITY[sdk=iphoneos*]" = "iPhone Developer";
				COPY_PHASE_STRIP = NO;
				DEBUG_INFORMATION_FORMAT = "dwarf-with-dsym";
				ENABLE_NS_ASSERTIONS = NO;
				ENABLE_STRICT_OBJC_MSGSEND = YES;
				GCC_C_LANGUAGE_STANDARD = gnu99;
				GCC_NO_COMMON_BLOCKS = YES;
				GCC_WARN_64_TO_32_BIT_CONVERSION = YES;
				GCC_WARN_ABOUT_RETURN_TYPE = YES_ERROR;
				GCC_WARN_UNDECLARED_SELECTOR = YES;
				GCC_WARN_UNINITIALIZED_AUTOS = YES_AGGRESSIVE;
				GCC_WARN_UNUSED_FUNCTION = YES;
				GCC_WARN_UNUSED_VARIABLE = YES;
				IPHONEOS_DEPLOYMENT_TARGET = 9.2;
				MTL_ENABLE_DEBUG_INFO = NO;
				SDKROOT = iphoneos;
				TARGETED_DEVICE_FAMILY = "1,2";
				VALIDATE_PRODUCT = YES;
			};
			name = Release;
		};
		383B6BB71C1A6CA5002B7620 /* Debug */ = {
			isa = XCBuildConfiguration;
			buildSettings = {
				ASSETCATALOG_COMPILER_APPICON_NAME = AppIcon;
				CODE_SIGN_IDENTITY = "iPhone Developer";
				"CODE_SIGN_IDENTITY[sdk=iphoneos*]" = "iPhone Developer";
				INFOPLIST_FILE = "Sterna Airlines/Info.plist";
				LD_RUNPATH_SEARCH_PATHS = "$(inherited) @executable_path/Frameworks";
				PRODUCT_BUNDLE_IDENTIFIER = "Sybersid.Sterna-Airlines";
				PRODUCT_NAME = "$(TARGET_NAME)";
				PROVISIONING_PROFILE = "";
			};
			name = Debug;
		};
		383B6BB81C1A6CA5002B7620 /* Release */ = {
			isa = XCBuildConfiguration;
			buildSettings = {
				ASSETCATALOG_COMPILER_APPICON_NAME = AppIcon;
				CODE_SIGN_IDENTITY = "iPhone Developer";
				"CODE_SIGN_IDENTITY[sdk=iphoneos*]" = "iPhone Developer";
				INFOPLIST_FILE = "Sterna Airlines/Info.plist";
				LD_RUNPATH_SEARCH_PATHS = "$(inherited) @executable_path/Frameworks";
				PRODUCT_BUNDLE_IDENTIFIER = "Sybersid.Sterna-Airlines";
				PRODUCT_NAME = "$(TARGET_NAME)";
				PROVISIONING_PROFILE = "";
			};
			name = Release;
		};
		383B6BBA1C1A6CA5002B7620 /* Debug */ = {
			isa = XCBuildConfiguration;
			buildSettings = {
				BUNDLE_LOADER = "$(TEST_HOST)";
				INFOPLIST_FILE = "Sterna AirlinesTests/Info.plist";
				LD_RUNPATH_SEARCH_PATHS = "$(inherited) @executable_path/Frameworks @loader_path/Frameworks";
				PRODUCT_BUNDLE_IDENTIFIER = "Sybersid.Sterna-AirlinesTests";
				PRODUCT_NAME = "$(TARGET_NAME)";
				TEST_HOST = "$(BUILT_PRODUCTS_DIR)/Sterna Airlines.app/Sterna Airlines";
			};
			name = Debug;
		};
		383B6BBB1C1A6CA5002B7620 /* Release */ = {
			isa = XCBuildConfiguration;
			buildSettings = {
				BUNDLE_LOADER = "$(TEST_HOST)";
				INFOPLIST_FILE = "Sterna AirlinesTests/Info.plist";
				LD_RUNPATH_SEARCH_PATHS = "$(inherited) @executable_path/Frameworks @loader_path/Frameworks";
				PRODUCT_BUNDLE_IDENTIFIER = "Sybersid.Sterna-AirlinesTests";
				PRODUCT_NAME = "$(TARGET_NAME)";
				TEST_HOST = "$(BUILT_PRODUCTS_DIR)/Sterna Airlines.app/Sterna Airlines";
			};
			name = Release;
		};
		383B6BBD1C1A6CA5002B7620 /* Debug */ = {
			isa = XCBuildConfiguration;
			buildSettings = {
				INFOPLIST_FILE = "Sterna AirlinesUITests/Info.plist";
				LD_RUNPATH_SEARCH_PATHS = "$(inherited) @executable_path/Frameworks @loader_path/Frameworks";
				PRODUCT_BUNDLE_IDENTIFIER = "Sybersid.Sterna-AirlinesUITests";
				PRODUCT_NAME = "$(TARGET_NAME)";
				TEST_TARGET_NAME = "Sterna Airlines";
				USES_XCTRUNNER = YES;
			};
			name = Debug;
		};
		383B6BBE1C1A6CA5002B7620 /* Release */ = {
			isa = XCBuildConfiguration;
			buildSettings = {
				INFOPLIST_FILE = "Sterna AirlinesUITests/Info.plist";
				LD_RUNPATH_SEARCH_PATHS = "$(inherited) @executable_path/Frameworks @loader_path/Frameworks";
				PRODUCT_BUNDLE_IDENTIFIER = "Sybersid.Sterna-AirlinesUITests";
				PRODUCT_NAME = "$(TARGET_NAME)";
				TEST_TARGET_NAME = "Sterna Airlines";
				USES_XCTRUNNER = YES;
			};
			name = Release;
		};
/* End XCBuildConfiguration section */

/* Begin XCConfigurationList section */
		383B6B841C1A6CA5002B7620 /* Build configuration list for PBXProject "Sterna Airlines" */ = {
			isa = XCConfigurationList;
			buildConfigurations = (
				383B6BB41C1A6CA5002B7620 /* Debug */,
				383B6BB51C1A6CA5002B7620 /* Release */,
			);
			defaultConfigurationIsVisible = 0;
			defaultConfigurationName = Release;
		};
		383B6BB61C1A6CA5002B7620 /* Build configuration list for PBXNativeTarget "Sterna Airlines" */ = {
			isa = XCConfigurationList;
			buildConfigurations = (
				383B6BB71C1A6CA5002B7620 /* Debug */,
				383B6BB81C1A6CA5002B7620 /* Release */,
			);
			defaultConfigurationIsVisible = 0;
			defaultConfigurationName = Release;
		};
		383B6BB91C1A6CA5002B7620 /* Build configuration list for PBXNativeTarget "Sterna AirlinesTests" */ = {
			isa = XCConfigurationList;
			buildConfigurations = (
				383B6BBA1C1A6CA5002B7620 /* Debug */,
				383B6BBB1C1A6CA5002B7620 /* Release */,
			);
			defaultConfigurationIsVisible = 0;
			defaultConfigurationName = Release;
		};
		383B6BBC1C1A6CA5002B7620 /* Build configuration list for PBXNativeTarget "Sterna AirlinesUITests" */ = {
			isa = XCConfigurationList;
			buildConfigurations = (
				383B6BBD1C1A6CA5002B7620 /* Debug */,
				383B6BBE1C1A6CA5002B7620 /* Release */,
			);
			defaultConfigurationIsVisible = 0;
			defaultConfigurationName = Release;
		};
/* End XCConfigurationList section */
	};
	rootObject = 383B6B811C1A6CA5002B7620 /* Project object */;
}
